
Microsoft Visual Studio Solution File, Format Version 12.00
# Visual Studio Version 17
VisualStudioVersion = 17.2.32630.192
MinimumVisualStudioVersion = 10.0.40219.1
Project("{FAE04EC0-301F-11D3-BF4B-00C04F79EFBC}") = "XmlConfiguration", "XmlConfiguration\XmlConfiguration.csproj", "{9F6765B1-CE98-4957-92FB-5BBF64E6D697}"
EndProject
Global
	GlobalSection(SolutionConfigurationPlatforms) = preSolution
		Debug|Any CPU = Debug|Any CPU
		Release|Any CPU = Release|Any CPU
	EndGlobalSection
	GlobalSection(ProjectConfigurationPlatforms) = postSolution
		{9F6765B1-CE98-4957-92FB-5BBF64E6D697}.Debug|Any CPU.ActiveCfg = Debug|Any CPU
		{9F6765B1-CE98-4957-92FB-5BBF64E6D697}.Debug|Any CPU.Build.0 = Debug|Any CPU
		{9F6765B1-CE98-4957-92FB-5BBF64E6D697}.Release|Any CPU.ActiveCfg = Release|Any CPU
		{9F6765B1-CE98-4957-92FB-5BBF64E6D697}.Release|Any CPU.Build.0 = Release|Any CPU
	EndGlobalSection
	GlobalSection(SolutionProperties) = preSolution
		HideSolutionNode = FALSE
	EndGlobalSection
	GlobalSection(ExtensibilityGlobals) = postSolution
		SolutionGuid = {B5854715-0D4B-4FBF-8F2C-FBA9F5E92F00}
	EndGlobalSection
EndGlobal
